
Microsoft Visual Studio Solution File, Format Version 12.00
# Visual Studio 2012
Project("{FAE04EC0-301F-11D3-BF4B-00C04F79EFBC}") = "LibRSync.Core", "LibRSync.Core\LibRSync.Core.csproj", "{732DB33E-9ACB-4614-BA50-9194A53D3133}"
EndProject
Project("{FAE04EC0-301F-11D3-BF4B-00C04F79EFBC}") = "LibRSync.Tests", "LibRSync.Tests\LibRSync.Tests.csproj", "{268FCB7E-03B3-4DBF-8633-0CFF07E13901}"
EndProject
Global
	GlobalSection(SolutionConfigurationPlatforms) = preSolution
		Debug|Any CPU = Debug|Any CPU
		Release|Any CPU = Release|Any CPU
	EndGlobalSection
	GlobalSection(ProjectConfigurationPlatforms) = postSolution
		{732DB33E-9ACB-4614-BA50-9194A53D3133}.Debug|Any CPU.ActiveCfg = Debug|Any CPU
		{732DB33E-9ACB-4614-BA50-9194A53D3133}.Debug|Any CPU.Build.0 = Debug|Any CPU
		{732DB33E-9ACB-4614-BA50-9194A53D3133}.Release|Any CPU.ActiveCfg = Release|Any CPU
		{732DB33E-9ACB-4614-BA50-9194A53D3133}.Release|Any CPU.Build.0 = Release|Any CPU
		{268FCB7E-03B3-4DBF-8633-0CFF07E13901}.Debug|Any CPU.ActiveCfg = Debug|Any CPU
		{268FCB7E-03B3-4DBF-8633-0CFF07E13901}.Debug|Any CPU.Build.0 = Debug|Any CPU
		{268FCB7E-03B3-4DBF-8633-0CFF07E13901}.Release|Any CPU.ActiveCfg = Release|Any CPU
		{268FCB7E-03B3-4DBF-8633-0CFF07E13901}.Release|Any CPU.Build.0 = Release|Any CPU
	EndGlobalSection
	GlobalSection(SolutionProperties) = preSolution
		HideSolutionNode = FALSE
	EndGlobalSection
EndGlobal
